lockfileVersion: '9.0'

settings:
  autoInstallPeers: true
  excludeLinksFromLockfile: false

importers:

  .:
    dependencies:
      fuse.js:
        specifier: ^7.4.2
        version: 7.4.2
      graphology:
        specifier: ^0.26.0
        version: 0.26.0(graphology-types@0.24.8)
      graphology-communities-louvain:
        specifier: ^2.0.2
        version: 2.0.2(graphology-types@0.24.8)
      ignore:
        specifier: ^7.0.5
        version: 7.0.5
      typescript:
        specifier: ^6.0.3
        version: 6.0.3
      yaml:
        specifier: ^2.9.0
        version: 2.9.0
      zod:
        specifier: ^4.4.3
        version: 4.4.3
    devDependencies:
      '@types/node':
        specifier: ^26.1.0
        version: 26.1.0

packages:

  '@types/node@26.1.0':
    resolution: {integrity: sha512-O0A1G3xPGy4w7AgQdAQYUlQ+BKk2Oovw8eRpofyp5KdBZULnbe+WqaOVNrm705SHphCiG4XHsACrSmPu1f+Kgw==}

  events@3.3.0:
    resolution: {integrity: sha512-mQw+2fkQbALzQ7V0MY0IqdnXNOeTtP4r0lN9z7AAawCXgqea7bDii20AYrIBrFd/Hx0M2Ocz6S111CaFkUcb0Q==}
    engines: {node: '>=0.8.x'}

  fuse.js@7.4.2:
    resolution: {integrity: sha512-LVbzjD4WA6UP5B1UnP8wuaXJiLnqMdM/E4fiJXTJ5haJ5b/MBNsK29h2fm6swEoQaVQjvYFWKLE2RanyZIoRVQ==}
    engines: {node: '>=10'}

  graphology-communities-louvain@2.0.2:
    resolution: {integrity: sha512-zt+2hHVPYxjEquyecxWXoUoIuN/UvYzsvI7boDdMNz0rRvpESQ7+e+Ejv6wK7AThycbZXuQ6DkG8NPMCq6XwoA==}
    peerDependencies:
      graphology-types: '>=0.19.0'

  graphology-indices@0.17.0:
    resolution: {integrity: sha512-A7RXuKQvdqSWOpn7ZVQo4S33O0vCfPBnUSf7FwE0zNCasqwZVUaCXePuWo5HBpWw68KJcwObZDHpFk6HKH6MYQ==}
    peerDependencies:
      graphology-types: '>=0.20.0'

  graphology-types@0.24.8:
    resolution: {integrity: sha512-hDRKYXa8TsoZHjgEaysSRyPdT6uB78Ci8WnjgbStlQysz7xR52PInxNsmnB7IBOM1BhikxkNyCVEFgmPKnpx3Q==}

  graphology-utils@2.5.2:
    resolution: {integrity: sha512-ckHg8MXrXJkOARk56ZaSCM1g1Wihe2d6iTmz1enGOz4W/l831MBCKSayeFQfowgF8wd+PQ4rlch/56Vs/VZLDQ==}
    peerDependencies:
      graphology-types: '>=0.23.0'

  graphology@0.26.0:
    resolution: {integrity: sha512-8SSImzgUUYC89Z042s+0r/vMibY7GX/Emz4LDO5e7jYXhuoWfHISPFJYjpRLUSJGq6UQ6xlenvX1p/hJdfXuXg==}
    peerDependencies:
      graphology-types: '>=0.24.0'

  ignore@7.0.5:
    resolution: {integrity: sha512-Hs59xBNfUIunMFgWAbGX5cq6893IbWg4KnrjbYwX3tx0ztorVgTDA6B2sxf8ejHJ4wz8BqGUMYlnzNBer5NvGg==}
    engines: {node: '>= 4'}

  mnemonist@0.39.8:
    resolution: {integrity: sha512-vyWo2K3fjrUw8YeeZ1zF0fy6Mu59RHokURlld8ymdUPjMlD9EC9ov1/YPqTgqRvUN9nTr3Gqfz29LYAmu0PHPQ==}

  obliterator@2.0.5:
    resolution: {integrity: sha512-42CPE9AhahZRsMNslczq0ctAEtqk8Eka26QofnqC346BZdHDySk3LWka23LI7ULIw11NmltpiLagIq8gBozxTw==}

  pandemonium@2.4.1:
    resolution: {integrity: sha512-wRqjisUyiUfXowgm7MFH2rwJzKIr20rca5FsHXCMNm1W5YPP1hCtrZfgmQ62kP7OZ7Xt+cR858aB28lu5NX55g==}

  typescript@6.0.3:
    resolution: {integrity: sha512-y2TvuxSZPDyQakkFRPZHKFm+KKVqIisdg9/CZwm9ftvKXLP8NRWj38/ODjNbr43SsoXqNuAisEf1GdCxqWcdBw==}
    engines: {node: '>=14.17'}
    hasBin: true

  undici-types@8.3.0:
    resolution: {integrity: sha512-j375ScV60dom+YkPFIfTLcOiPxkN/buHz5GobjLhixFuANaNs3C9l4GmrWqejgXWJ7BbJcFYpTEUkS1Ge8bpZQ==}

  yaml@2.9.0:
    resolution: {integrity: sha512-2AvhNX3mb8zd6Zy7INTtSpl1F15HW6Wnqj0srWlkKLcpYl/gMIMJiyuGq2KeI2YFxUPjdlB+3Lc10seMLtL4cA==}
    engines: {node: '>= 14.6'}
    hasBin: true

  zod@4.4.3:
    resolution: {integrity: sha512-ytENFjIJFl2UwYglde2jchW2Hwm4GJFLDiSXWdTrJQBIN9Fcyp7n4DhxJEiWNAJMV1/BqWfW/kkg71UDcHJyTQ==}

snapshots:

  '@types/node@26.1.0':
    dependencies:
      undici-types: 8.3.0

  events@3.3.0: {}

  fuse.js@7.4.2: {}

  graphology-communities-louvain@2.0.2(graphology-types@0.24.8):
    dependencies:
      graphology-indices: 0.17.0(graphology-types@0.24.8)
      graphology-types: 0.24.8
      graphology-utils: 2.5.2(graphology-types@0.24.8)
      mnemonist: 0.39.8
      pandemonium: 2.4.1

  graphology-indices@0.17.0(graphology-types@0.24.8):
    dependencies:
      graphology-types: 0.24.8
      graphology-utils: 2.5.2(graphology-types@0.24.8)
      mnemonist: 0.39.8

  graphology-types@0.24.8: {}

  graphology-utils@2.5.2(graphology-types@0.24.8):
    dependencies:
      graphology-types: 0.24.8

  graphology@0.26.0(graphology-types@0.24.8):
    dependencies:
      events: 3.3.0
      graphology-types: 0.24.8

  ignore@7.0.5: {}

  mnemonist@0.39.8:
    dependencies:
      obliterator: 2.0.5

  obliterator@2.0.5: {}

  pandemonium@2.4.1:
    dependencies:
      mnemonist: 0.39.8

  typescript@6.0.3: {}

  undici-types@8.3.0: {}

  yaml@2.9.0: {}

  zod@4.4.3: {}
